// !$*UTF8*$!
{
	archiveVersion = 1;
	classes = {
	};
	objectVersion = 56;
	objects = {

/* Begin PBXBuildFile section */
		7E51D7462CE7AC11004BF36B /* MineraCognitoSampleApp.swift in Sources */ = {isa = PBXBuildFile; fileRef = 7E51D7452CE7AC11004BF36B /* MineraCognitoSampleApp.swift */; };
		7E51D7482CE7AC11004BF36B /* ContentView.swift in Sources */ = {isa = PBXBuildFile; fileRef = 7E51D7472CE7AC11004BF36B /* ContentView.swift */; };
		7E51D74A2CE7AC12004BF36B /* Assets.xcassets in Resources */ = {isa = PBXBuildFile; fileRef = 7E51D7492CE7AC12004BF36B /* Assets.xcassets */; };
		7E51D74D2CE7AC12004BF36B /* Preview Assets.xcassets in Resources */ = {isa = PBXBuildFile; fileRef = 7E51D74C2CE7AC12004BF36B /* Preview Assets.xcassets */; };
		7EB06B332CE7B73200BFEC80 /* AWSCognitoAuthPlugin in Frameworks */ = {isa = PBXBuildFile; productRef = 7EB06B322CE7B73200BFEC80 /* AWSCognitoAuthPlugin */; };
		7EB06B352CE7B73200BFEC80 /* Amplify in Frameworks */ = {isa = PBXBuildFile; productRef = 7EB06B342CE7B73200BFEC80 /* Amplify */; };
		7EB06B382CE7B93D00BFEC80 /* Authenticator in Frameworks */ = {isa = PBXBuildFile; productRef = 7EB06B372CE7B93D00BFEC80 /* Authenticator */; };
		7EB06B3A2CE7DE4600BFEC80 /* amplify_outputs.json in Resources */ = {isa = PBXBuildFile; fileRef = 7EB06B392CE7DE4600BFEC80 /* amplify_outputs.json */; };
		7EEDE1A42CEE2CBB0011F2E0 /* ContentView2.swift in Sources */ = {isa = PBXBuildFile; fileRef = 7EEDE1A32CEE2CBB0011F2E0 /* ContentView2.swift */; };
/* End PBXBuildFile section */

/* Begin PBXFileReference section */
		7E51D7422CE7AC11004BF36B /* MineraCognitoSample.app */ = {isa = PBXFileReference; explicitFileType = wrapper.application; includeInIndex = 0; path = MineraCognitoSample.app; sourceTree = BUILT_PRODUCTS_DIR; };
		7E51D7452CE7AC11004BF36B /* MineraCognitoSampleApp.swift */ = {isa = PBXFileReference; lastKnownFileType = sourcecode.swift; path = MineraCognitoSampleApp.swift; sourceTree = "<group>"; };
		7E51D7472CE7AC11004BF36B /* ContentView.swift */ = {isa = PBXFileReference; lastKnownFileType = sourcecode.swift; path = ContentView.swift; sourceTree = "<group>"; };
		7E51D7492CE7AC12004BF36B /* Assets.xcassets */ = {isa = PBXFileReference; lastKnownFileType = folder.assetcatalog; path = Assets.xcassets; sourceTree = "<group>"; };
		7E51D74C2CE7AC12004BF36B /* Preview Assets.xcassets */ = {isa = PBXFileReference; lastKnownFileType = folder.assetcatalog; path = "Preview Assets.xcassets"; sourceTree = "<group>"; };
		7EB06B392CE7DE4600BFEC80 /* amplify_outputs.json */ = {isa = PBXFileReference; fileEncoding = 4; lastKnownFileType = text.json; path = amplify_outputs.json; sourceTree = SOURCE_ROOT; };
		7EEDE1A32CEE2CBB0011F2E0 /* ContentView2.swift */ = {isa = PBXFileReference; lastKnownFileType = sourcecode.swift; path = ContentView2.swift; sourceTree = "<group>"; };
/* End PBXFileReference section */

/* Begin PBXFrameworksBuildPhase section */
		7E51D73F2CE7AC11004BF36B /* Frameworks */ = {
			isa = PBXFrameworksBuildPhase;
			buildActionMask = 2147483647;
			files = (
				7EB06B332CE7B73200BFEC80 /* AWSCognitoAuthPlugin in Frameworks */,
				7EB06B352CE7B73200BFEC80 /* Amplify in Frameworks */,
				7EB06B382CE7B93D00BFEC80 /* Authenticator in Frameworks */,
			);
			runOnlyForDeploymentPostprocessing = 0;
		};
/* End PBXFrameworksBuildPhase section */

/* Begin PBXGroup section */
		7E51D7392CE7AC11004BF36B = {
			isa = PBXGroup;
			children = (
				7E51D7442CE7AC11004BF36B /* MineraCognitoSample */,
				7E51D7432CE7AC11004BF36B /* Products */,
			);
			sourceTree = "<group>";
		};
		7E51D7432CE7AC11004BF36B /* Products */ = {
			isa = PBXGroup;
			children = (
				7E51D7422CE7AC11004BF36B /* MineraCognitoSample.app */,
			);
			name = Products;
			sourceTree = "<group>";
		};
		7E51D7442CE7AC11004BF36B /* MineraCognitoSample */ = {
			isa = PBXGroup;
			children = (
				7E51D7452CE7AC11004BF36B /* MineraCognitoSampleApp.swift */,
				7E51D7472CE7AC11004BF36B /* ContentView.swift */,
				7EEDE1A32CEE2CBB0011F2E0 /* ContentView2.swift */,
				7E51D7492CE7AC12004BF36B /* Assets.xcassets */,
				7E51D74B2CE7AC12004BF36B /* Preview Content */,
			);
			path = MineraCognitoSample;
			sourceTree = "<group>";
		};
		7E51D74B2CE7AC12004BF36B /* Preview Content */ = {
			isa = PBXGroup;
			children = (
				7E51D74C2CE7AC12004BF36B /* Preview Assets.xcassets */,
				7EB06B392CE7DE4600BFEC80 /* amplify_outputs.json */,
			);
			path = "Preview Content";
			sourceTree = "<group>";
		};
/* End PBXGroup section */

/* Begin PBXNativeTarget section */
		7E51D7412CE7AC11004BF36B /* MineraCognitoSample */ = {
			isa = PBXNativeTarget;
			buildConfigurationList = 7E51D7502CE7AC12004BF36B /* Build configuration list for PBXNativeTarget "MineraCognitoSample" */;
			buildPhases = (
				7E51D73E2CE7AC11004BF36B /* Sources */,
				7E51D73F2CE7AC11004BF36B /* Frameworks */,
				7E51D7402CE7AC11004BF36B /* Resources */,
			);
			buildRules = (
			);
			dependencies = (
			);
			name = MineraCognitoSample;
			packageProductDependencies = (
				7EB06B322CE7B73200BFEC80 /* AWSCognitoAuthPlugin */,
				7EB06B342CE7B73200BFEC80 /* Amplify */,
				7EB06B372CE7B93D00BFEC80 /* Authenticator */,
			);
			productName = MineraCognitoSample;
			productReference = 7E51D7422CE7AC11004BF36B /* MineraCognitoSample.app */;
			productType = "com.apple.product-type.application";
		};
/* End PBXNativeTarget section */

/* Begin PBXProject section */
		7E51D73A2CE7AC11004BF36B /* Project object */ = {
			isa = PBXProject;
			attributes = {
				BuildIndependentTargetsInParallel = 1;
				LastSwiftUpdateCheck = 1540;
				LastUpgradeCheck = 1540;
				TargetAttributes = {
					7E51D7412CE7AC11004BF36B = {
						CreatedOnToolsVersion = 15.4;
					};
				};
			};
			buildConfigurationList = 7E51D73D2CE7AC11004BF36B /* Build configuration list for PBXProject "MineraCognitoSample" */;
			compatibilityVersion = "Xcode 14.0";
			developmentRegion = en;
			hasScannedForEncodings = 0;
			knownRegions = (
				en,
				Base,
			);
			mainGroup = 7E51D7392CE7AC11004BF36B;
			packageReferences = (
				7EB06B312CE7B73200BFEC80 /* XCRemoteSwiftPackageReference "amplify-swift" */,
				7EB06B362CE7B93D00BFEC80 /* XCRemoteSwiftPackageReference "amplify-ui-swift-authenticator" */,
			);
			productRefGroup = 7E51D7432CE7AC11004BF36B /* Products */;
			projectDirPath = "";
			projectRoot = "";
			targets = (
				7E51D7412CE7AC11004BF36B /* MineraCognitoSample */,
			);
		};
/* End PBXProject section */

/* Begin PBXResourcesBuildPhase section */
		7E51D7402CE7AC11004BF36B /* Resources */ = {
			isa = PBXResourcesBuildPhase;
			buildActionMask = 2147483647;
			files = (
				7EB06B3A2CE7DE4600BFEC80 /* amplify_outputs.json in Resources */,
				7E51D74D2CE7AC12004BF36B /* Preview Assets.xcassets in Resources */,
				7E51D74A2CE7AC12004BF36B /* Assets.xcassets in Resources */,
			);
			runOnlyForDeploymentPostprocessing = 0;
		};
/* End PBXResourcesBuildPhase section */

/* Begin PBXSourcesBuildPhase section */
		7E51D73E2CE7AC11004BF36B /* Sources */ = {
			isa = PBXSourcesBuildPhase;
			buildActionMask = 2147483647;
			files = (
				7EEDE1A42CEE2CBB0011F2E0 /* ContentView2.swift in Sources */,
				7E51D7482CE7AC11004BF36B /* ContentView.swift in Sources */,
				7E51D7462CE7AC11004BF36B /* MineraCognitoSampleApp.swift in Sources */,
			);
			runOnlyForDeploymentPostprocessing = 0;
		};
/* End PBXSourcesBuildPhase section */

/* Begin XCBuildConfiguration section */
		7E51D74E2CE7AC12004BF36B /* Debug */ = {
			isa = XCBuildConfiguration;
			buildSettings = {
				ALWAYS_SEARCH_USER_PATHS = NO;
				ASSETCATALOG_COMPILER_GENERATE_SWIFT_ASSET_SYMBOL_EXTENSIONS = YES;
				CLANG_ANALYZER_NONNULL = YES;
				CLANG_ANALYZER_NUMBER_OBJECT_CONVERSION = YES_AGGRESSIVE;
				CLANG_CXX_LANGUAGE_STANDARD = "gnu++20";
				CLANG_ENABLE_MODULES = YES;
				CLANG_ENABLE_OBJC_ARC = YES;
				CLANG_ENABLE_OBJC_WEAK = YES;
				CLANG_WARN_BLOCK_CAPTURE_AUTORELEASING = YES;
				CLANG_WARN_BOOL_CONVERSION = YES;
				CLANG_WARN_COMMA = YES;
				CLANG_WARN_CONSTANT_CONVERSION = YES;
				CLANG_WARN_DEPRECATED_OBJC_IMPLEMENTATIONS = YES;
				CLANG_WARN_DIRECT_OBJC_ISA_USAGE = YES_ERROR;
				CLANG_WARN_DOCUMENTATION_COMMENTS = YES;
				CLANG_WARN_EMPTY_BODY = YES;
				CLANG_WARN_ENUM_CONVERSION = YES;
				CLANG_WARN_INFINITE_RECURSION = YES;
				CLANG_WARN_INT_CONVERSION = YES;
				CLANG_WARN_NON_LITERAL_NULL_CONVERSION = YES;
				CLANG_WARN_OBJC_IMPLICIT_RETAIN_SELF = YES;
				CLANG_WARN_OBJC_LITERAL_CONVERSION = YES;
				CLANG_WARN_OBJC_ROOT_CLASS = YES_ERROR;
				CLANG_WARN_QUOTED_INCLUDE_IN_FRAMEWORK_HEADER = YES;
				CLANG_WARN_RANGE_LOOP_ANALYSIS = YES;
				CLANG_WARN_STRICT_PROTOTYPES = YES;
				CLANG_WARN_SUSPICIOUS_MOVE = YES;
				CLANG_WARN_UNGUARDED_AVAILABILITY = YES_AGGRESSIVE;
				CLANG_WARN_UNREACHABLE_CODE = YES;
				CLANG_WARN__DUPLICATE_METHOD_MATCH = YES;
				COPY_PHASE_STRIP = NO;
				DEBUG_INFORMATION_FORMAT = dwarf;
				ENABLE_STRICT_OBJC_MSGSEND = YES;
				ENABLE_TESTABILITY = YES;
				ENABLE_USER_SCRIPT_SANDBOXING = YES;
				GCC_C_LANGUAGE_STANDARD = gnu17;
				GCC_DYNAMIC_NO_PIC = NO;
				GCC_NO_COMMON_BLOCKS = YES;
				GCC_OPTIMIZATION_LEVEL = 0;
				GCC_PREPROCESSOR_DEFINITIONS = (
					"DEBUG=1",
					"$(inherited)",
				);
				GCC_WARN_64_TO_32_BIT_CONVERSION = YES;
				GCC_WARN_ABOUT_RETURN_TYPE = YES_ERROR;
				GCC_WARN_UNDECLARED_SELECTOR = YES;
				GCC_WARN_UNINITIALIZED_AUTOS = YES_AGGRESSIVE;
				GCC_WARN_UNUSED_FUNCTION = YES;
				GCC_WARN_UNUSED_VARIABLE = YES;
				IPHONEOS_DEPLOYMENT_TARGET = 17.5;
				LOCALIZATION_PREFERS_STRING_CATALOGS = YES;
				MTL_ENABLE_DEBUG_INFO = INCLUDE_SOURCE;
				MTL_FAST_MATH = YES;
				ONLY_ACTIVE_ARCH = YES;
				SDKROOT = iphoneos;
				SWIFT_ACTIVE_COMPILATION_CONDITIONS = "DEBUG $(inherited)";
				SWIFT_OPTIMIZATION_LEVEL = "-Onone";
			};
			name = Debug;
		};
		7E51D74F2CE7AC12004BF36B /* Release */ = {
			isa = XCBuildConfiguration;
			buildSettings = {
				ALWAYS_SEARCH_USER_PATHS = NO;
				ASSETCATALOG_COMPILER_GENERATE_SWIFT_ASSET_SYMBOL_EXTENSIONS = YES;
				CLANG_ANALYZER_NONNULL = YES;
				CLANG_ANALYZER_NUMBER_OBJECT_CONVERSION = YES_AGGRESSIVE;
				CLANG_CXX_LANGUAGE_STANDARD = "gnu++20";
				CLANG_ENABLE_MODULES = YES;
				CLANG_ENABLE_OBJC_ARC = YES;
				CLANG_ENABLE_OBJC_WEAK = YES;
				CLANG_WARN_BLOCK_CAPTURE_AUTORELEASING = YES;
				CLANG_WARN_BOOL_CONVERSION = YES;
				CLANG_WARN_COMMA = YES;
				CLANG_WARN_CONSTANT_CONVERSION = YES;
				CLANG_WARN_DEPRECATED_OBJC_IMPLEMENTATIONS = YES;
				CLANG_WARN_DIRECT_OBJC_ISA_USAGE = YES_ERROR;
				CLANG_WARN_DOCUMENTATION_COMMENTS = YES;
				CLANG_WARN_EMPTY_BODY = YES;
				CLANG_WARN_ENUM_CONVERSION = YES;
				CLANG_WARN_INFINITE_RECURSION = YES;
				CLANG_WARN_INT_CONVERSION = YES;
				CLANG_WARN_NON_LITERAL_NULL_CONVERSION = YES;
				CLANG_WARN_OBJC_IMPLICIT_RETAIN_SELF = YES;
				CLANG_WARN_OBJC_LITERAL_CONVERSION = YES;
				CLANG_WARN_OBJC_ROOT_CLASS = YES_ERROR;
				CLANG_WARN_QUOTED_INCLUDE_IN_FRAMEWORK_HEADER = YES;
				CLANG_WARN_RANGE_LOOP_ANALYSIS = YES;
				CLANG_WARN_STRICT_PROTOTYPES = YES;
				CLANG_WARN_SUSPICIOUS_MOVE = YES;
				CLANG_WARN_UNGUARDED_AVAILABILITY = YES_AGGRESSIVE;
				CLANG_WARN_UNREACHABLE_CODE = YES;
				CLANG_WARN__DUPLICATE_METHOD_MATCH = YES;
				COPY_PHASE_STRIP = NO;
				DEBUG_INFORMATION_FORMAT = "dwarf-with-dsym";
				ENABLE_NS_ASSERTIONS = NO;
				ENABLE_STRICT_OBJC_MSGSEND = YES;
				ENABLE_USER_SCRIPT_SANDBOXING = YES;
				GCC_C_LANGUAGE_STANDARD = gnu17;
				GCC_NO_COMMON_BLOCKS = YES;
				GCC_WARN_64_TO_32_BIT_CONVERSION = YES;
				GCC_WARN_ABOUT_RETURN_TYPE = YES_ERROR;
				GCC_WARN_UNDECLARED_SELECTOR = YES;
				GCC_WARN_UNINITIALIZED_AUTOS = YES_AGGRESSIVE;
				GCC_WARN_UNUSED_FUNCTION = YES;
				GCC_WARN_UNUSED_VARIABLE = YES;
				IPHONEOS_DEPLOYMENT_TARGET = 17.5;
				LOCALIZATION_PREFERS_STRING_CATALOGS = YES;
				MTL_ENABLE_DEBUG_INFO = NO;
				MTL_FAST_MATH = YES;
				SDKROOT = iphoneos;
				SWIFT_COMPILATION_MODE = wholemodule;
				VALIDATE_PRODUCT = YES;
			};
			name = Release;
		};
		7E51D7512CE7AC12004BF36B /* Debug */ = {
			isa = XCBuildConfiguration;
			buildSettings = {
				ASSETCATALOG_COMPILER_APPICON_NAME = AppIcon;
				ASSETCATALOG_COMPILER_GLOBAL_ACCENT_COLOR_NAME = AccentColor;
				CODE_SIGN_STYLE = Automatic;
				CURRENT_PROJECT_VERSION = 1;
				DEVELOPMENT_ASSET_PATHS = "\"MineraCognitoSample/Preview Content\"";
				DEVELOPMENT_TEAM = C682QR97S6;
				ENABLE_PREVIEWS = YES;
				GENERATE_INFOPLIST_FILE = YES;
				INFOPLIST_KEY_UIApplicationSceneManifest_Generation = YES;
				INFOPLIST_KEY_UIApplicationSupportsIndirectInputEvents = YES;
				INFOPLIST_KEY_UILaunchScreen_Generation = YES;
				INFOPLIST_KEY_UISupportedInterfaceOrientations_iPad = "UIInterfaceOrientationPortrait UIInterfaceOrientationPortraitUpsideDown UIInterfaceOrientationLandscapeLeft UIInterfaceOrientationLandscapeRight";
				INFOPLIST_KEY_UISupportedInterfaceOrientations_iPhone = "UIInterfaceOrientationPortrait UIInterfaceOrientationLandscapeLeft UIInterfaceOrientationLandscapeRight";
				LD_RUNPATH_SEARCH_PATHS = (
					"$(inherited)",
					"@executable_path/Frameworks",
				);
				MARKETING_VERSION = 1.0;
				PRODUCT_BUNDLE_IDENTIFIER = com.ignaciofuentes.MineraCognitoSample;
				PRODUCT_NAME = "$(TARGET_NAME)";
				SWIFT_EMIT_LOC_STRINGS = YES;
				SWIFT_VERSION = 5.0;
				TARGETED_DEVICE_FAMILY = "1,2";
			};
			name = Debug;
		};
		7E51D7522CE7AC12004BF36B /* Release */ = {
			isa = XCBuildConfiguration;
			buildSettings = {
				ASSETCATALOG_COMPILER_APPICON_NAME = AppIcon;
				ASSETCATALOG_COMPILER_GLOBAL_ACCENT_COLOR_NAME = AccentColor;
				CODE_SIGN_STYLE = Automatic;
				CURRENT_PROJECT_VERSION = 1;
				DEVELOPMENT_ASSET_PATHS = "\"MineraCognitoSample/Preview Content\"";
				DEVELOPMENT_TEAM = C682QR97S6;
				ENABLE_PREVIEWS = YES;
				GENERATE_INFOPLIST_FILE = YES;
				INFOPLIST_KEY_UIApplicationSceneManifest_Generation = YES;
				INFOPLIST_KEY_UIApplicationSupportsIndirectInputEvents = YES;
				INFOPLIST_KEY_UILaunchScreen_Generation = YES;
				INFOPLIST_KEY_UISupportedInterfaceOrientations_iPad = "UIInterfaceOrientationPortrait UIInterfaceOrientationPortraitUpsideDown UIInterfaceOrientationLandscapeLeft UIInterfaceOrientationLandscapeRight";
				INFOPLIST_KEY_UISupportedInterfaceOrientations_iPhone = "UIInterfaceOrientationPortrait UIInterfaceOrientationLandscapeLeft UIInterfaceOrientationLandscapeRight";
				LD_RUNPATH_SEARCH_PATHS = (
					"$(inherited)",
					"@executable_path/Frameworks",
				);
				MARKETING_VERSION = 1.0;
				PRODUCT_BUNDLE_IDENTIFIER = com.ignaciofuentes.MineraCognitoSample;
				PRODUCT_NAME = "$(TARGET_NAME)";
				SWIFT_EMIT_LOC_STRINGS = YES;
				SWIFT_VERSION = 5.0;
				TARGETED_DEVICE_FAMILY = "1,2";
			};
			name = Release;
		};
/* End XCBuildConfiguration section */

/* Begin XCConfigurationList section */
		7E51D73D2CE7AC11004BF36B /* Build configuration list for PBXProject "MineraCognitoSample" */ = {
			isa = XCConfigurationList;
			buildConfigurations = (
				7E51D74E2CE7AC12004BF36B /* Debug */,
				7E51D74F2CE7AC12004BF36B /* Release */,
			);
			defaultConfigurationIsVisible = 0;
			defaultConfigurationName = Release;
		};
		7E51D7502CE7AC12004BF36B /* Build configuration list for PBXNativeTarget "MineraCognitoSample" */ = {
			isa = XCConfigurationList;
			buildConfigurations = (
				7E51D7512CE7AC12004BF36B /* Debug */,
				7E51D7522CE7AC12004BF36B /* Release */,
			);
			defaultConfigurationIsVisible = 0;
			defaultConfigurationName = Release;
		};
/* End XCConfigurationList section */

/* Begin XCRemoteSwiftPackageReference section */
		7EB06B312CE7B73200BFEC80 /* XCRemoteSwiftPackageReference "amplify-swift" */ = {
			isa = XCRemoteSwiftPackageReference;
			repositoryURL = "https://github.com/aws-amplify/amplify-swift";
			requirement = {
				kind = upToNextMajorVersion;
				minimumVersion = 2.44.0;
			};
		};
		7EB06B362CE7B93D00BFEC80 /* XCRemoteSwiftPackageReference "amplify-ui-swift-authenticator" */ = {
			isa = XCRemoteSwiftPackageReference;
			repositoryURL = "https://github.com/aws-amplify/amplify-ui-swift-authenticator";
			requirement = {
				kind = upToNextMajorVersion;
				minimumVersion = 1.2.0;
			};
		};
/* End XCRemoteSwiftPackageReference section */

/* Begin XCSwiftPackageProductDependency section */
		7EB06B322CE7B73200BFEC80 /* AWSCognitoAuthPlugin */ = {
			isa = XCSwiftPackageProductDependency;
			package = 7EB06B312CE7B73200BFEC80 /* XCRemoteSwiftPackageReference "amplify-swift" */;
			productName = AWSCognitoAuthPlugin;
		};
		7EB06B342CE7B73200BFEC80 /* Amplify */ = {
			isa = XCSwiftPackageProductDependency;
			package = 7EB06B312CE7B73200BFEC80 /* XCRemoteSwiftPackageReference "amplify-swift" */;
			productName = Amplify;
		};
		7EB06B372CE7B93D00BFEC80 /* Authenticator */ = {
			isa = XCSwiftPackageProductDependency;
			package = 7EB06B362CE7B93D00BFEC80 /* XCRemoteSwiftPackageReference "amplify-ui-swift-authenticator" */;
			productName = Authenticator;
		};
/* End XCSwiftPackageProductDependency section */
	};
	rootObject = 7E51D73A2CE7AC11004BF36B /* Project object */;
}
